
Microsoft Visual Studio Solution File, Format Version 12.00
# Visual Studio Version 17
VisualStudioVersion = 17.12.35527.113 d17.12
MinimumVisualStudioVersion = 10.0.40219.1
Project("{FAE04EC0-301F-11D3-BF4B-00C04F79EFBC}") = "MyAppTools", "MyAppTools\MyAppTools.csproj", "{7575F5E6-4AA7-4C64-ACC0-C1263B4CBCDF}"
EndProject
Global
	GlobalSection(SolutionConfigurationPlatforms) = preSolution
		Debug|Any CPU = Debug|Any CPU
		Release|Any CPU = Release|Any CPU
	EndGlobalSection
	GlobalSection(ProjectConfigurationPlatforms) = postSolution
		{7575F5E6-4AA7-4C64-ACC0-C1263B4CBCDF}.Debug|Any CPU.ActiveCfg = Debug|Any CPU
		{7575F5E6-4AA7-4C64-ACC0-C1263B4CBCDF}.Debug|Any CPU.Build.0 = Debug|Any CPU
		{7575F5E6-4AA7-4C64-ACC0-C1263B4CBCDF}.Release|Any CPU.ActiveCfg = Release|Any CPU
		{7575F5E6-4AA7-4C64-ACC0-C1263B4CBCDF}.Release|Any CPU.Build.0 = Release|Any CPU
	EndGlobalSection
	GlobalSection(SolutionProperties) = preSolution
		HideSolutionNode = FALSE
	EndGlobalSection
EndGlobal
